Microsoft Visual Studio Solution File, Format Version 9.00
# Visual Studio 2005
Project("{8BC9CEB8-8B4A-11D0-8D11-00A0C91BC942}") = "PacketAndWan", "..\..\..\winpcap\packetNtx\Dll\Project\PacketAndWan.vcproj", "{8A2D94DC-412E-48B5-B566-B451F4D7AD68}"
EndProject
Project("{8BC9CEB8-8B4A-11D0-8D11-00A0C91BC942}") = "WinpcapOem", "WinpcapOem.vcproj", "{FB2DA24E-A296-4B16-9DC2-1B84FCEC5311}"
EndProject
Project("{8BC9CEB8-8B4A-11D0-8D11-00A0C91BC942}") = "WinPcap NTx Driver", "..\..\..\winpcap\packetNtx\driver\WinPcap NTx Driver.vcproj", "{5E91F1EF-C30E-43F7-9187-E37A0BDA7FDB}"
EndProject
Project("{8BC9CEB8-8B4A-11D0-8D11-00A0C91BC942}") = "PacketNT", "..\..\..\winpcap\packetNtx\Dll\Project\Packet.vcproj", "{B825B6B9-3271-4740-8E88-C73EA358D10A}"
EndProject
Global
	GlobalSection(SolutionConfigurationPlatforms) = preSolution
		Debug_Security|Win32 = Debug_Security|Win32
		Debug|Win32 = Debug|Win32
		NT4 Debug|Win32 = NT4 Debug|Win32
		NT4 OEM Debug|Win32 = NT4 OEM Debug|Win32
		NT4 OEM Release|Win32 = NT4 OEM Release|Win32
		NT4 Release|Win32 = NT4 Release|Win32
		Release_Security|Win32 = Release_Security|Win32
		Release|Win32 = Release|Win32
	EndGlobalSection
	GlobalSection(ProjectConfigurationPlatforms) = postSolution
		{8A2D94DC-412E-48B5-B566-B451F4D7AD68}.Debug_Security|Win32.ActiveCfg = Debug|Win32
		{8A2D94DC-412E-48B5-B566-B451F4D7AD68}.Debug_Security|Win32.Build.0 = Debug|Win32
		{8A2D94DC-412E-48B5-B566-B451F4D7AD68}.Debug|Win32.ActiveCfg = Debug|Win32
		{8A2D94DC-412E-48B5-B566-B451F4D7AD68}.Debug|Win32.Build.0 = Debug|Win32
		{8A2D94DC-412E-48B5-B566-B451F4D7AD68}.NT4 Debug|Win32.ActiveCfg = Debug|Win32
		{8A2D94DC-412E-48B5-B566-B451F4D7AD68}.NT4 Debug|Win32.Build.0 = Debug|Win32
		{8A2D94DC-412E-48B5-B566-B451F4D7AD68}.NT4 OEM Debug|Win32.ActiveCfg = Debug|Win32
		{8A2D94DC-412E-48B5-B566-B451F4D7AD68}.NT4 OEM Debug|Win32.Build.0 = Debug|Win32
		{8A2D94DC-412E-48B5-B566-B451F4D7AD68}.NT4 OEM Release|Win32.ActiveCfg = Release|Win32
		{8A2D94DC-412E-48B5-B566-B451F4D7AD68}.NT4 OEM Release|Win32.Build.0 = Release|Win32
		{8A2D94DC-412E-48B5-B566-B451F4D7AD68}.NT4 Release|Win32.ActiveCfg = Release|Win32
		{8A2D94DC-412E-48B5-B566-B451F4D7AD68}.NT4 Release|Win32.Build.0 = Release|Win32
		{8A2D94DC-412E-48B5-B566-B451F4D7AD68}.Release_Security|Win32.ActiveCfg = Release|Win32
		{8A2D94DC-412E-48B5-B566-B451F4D7AD68}.Release_Security|Win32.Build.0 = Release|Win32
		{8A2D94DC-412E-48B5-B566-B451F4D7AD68}.Release|Win32.ActiveCfg = Release|Win32
		{8A2D94DC-412E-48B5-B566-B451F4D7AD68}.Release|Win32.Build.0 = Release|Win32
		{FB2DA24E-A296-4B16-9DC2-1B84FCEC5311}.Debug_Security|Win32.ActiveCfg = Debug_Security|Win32
		{FB2DA24E-A296-4B16-9DC2-1B84FCEC5311}.Debug_Security|Win32.Build.0 = Debug_Security|Win32
		{FB2DA24E-A296-4B16-9DC2-1B84FCEC5311}.Debug|Win32.ActiveCfg = Debug|Win32
		{FB2DA24E-A296-4B16-9DC2-1B84FCEC5311}.Debug|Win32.Build.0 = Debug|Win32
		{FB2DA24E-A296-4B16-9DC2-1B84FCEC5311}.NT4 Debug|Win32.ActiveCfg = Debug|Win32
		{FB2DA24E-A296-4B16-9DC2-1B84FCEC5311}.NT4 Debug|Win32.Build.0 = Debug|Win32
		{FB2DA24E-A296-4B16-9DC2-1B84FCEC5311}.NT4 OEM Debug|Win32.ActiveCfg = Debug|Win32
		{FB2DA24E-A296-4B16-9DC2-1B84FCEC5311}.NT4 OEM Debug|Win32.Build.0 = Debug|Win32
		{FB2DA24E-A296-4B16-9DC2-1B84FCEC5311}.NT4 OEM Release|Win32.ActiveCfg = Release|Win32
		{FB2DA24E-A296-4B16-9DC2-1B84FCEC5311}.NT4 OEM Release|Win32.Build.0 = Release|Win32
		{FB2DA24E-A296-4B16-9DC2-1B84FCEC5311}.NT4 Release|Win32.ActiveCfg = Release|Win32
		{FB2DA24E-A296-4B16-9DC2-1B84FCEC5311}.NT4 Release|Win32.Build.0 = Release|Win32
		{FB2DA24E-A296-4B16-9DC2-1B84FCEC5311}.Release_Security|Win32.ActiveCfg = Release_Security|Win32
		{FB2DA24E-A296-4B16-9DC2-1B84FCEC5311}.Release_Security|Win32.Build.0 = Release_Security|Win32
		{FB2DA24E-A296-4B16-9DC2-1B84FCEC5311}.Release|Win32.ActiveCfg = Release|Win32
		{FB2DA24E-A296-4B16-9DC2-1B84FCEC5311}.Release|Win32.Build.0 = Release|Win32
		{5E91F1EF-C30E-43F7-9187-E37A0BDA7FDB}.Debug_Security|Win32.ActiveCfg = Debug|Win32
		{5E91F1EF-C30E-43F7-9187-E37A0BDA7FDB}.Debug_Security|Win32.Build.0 = Debug|Win32
		{5E91F1EF-C30E-43F7-9187-E37A0BDA7FDB}.Debug|Win32.ActiveCfg = Debug|Win32
		{5E91F1EF-C30E-43F7-9187-E37A0BDA7FDB}.NT4 Debug|Win32.ActiveCfg = Debug|Win32
		{5E91F1EF-C30E-43F7-9187-E37A0BDA7FDB}.NT4 OEM Debug|Win32.ActiveCfg = Debug|Win32
		{5E91F1EF-C30E-43F7-9187-E37A0BDA7FDB}.NT4 OEM Release|Win32.ActiveCfg = Debug|Win32
		{5E91F1EF-C30E-43F7-9187-E37A0BDA7FDB}.NT4 Release|Win32.ActiveCfg = Release|Win32
		{5E91F1EF-C30E-43F7-9187-E37A0BDA7FDB}.Release_Security|Win32.ActiveCfg = Release|Win32
		{5E91F1EF-C30E-43F7-9187-E37A0BDA7FDB}.Release|Win32.ActiveCfg = Release|Win32
		{B825B6B9-3271-4740-8E88-C73EA358D10A}.Debug_Security|Win32.ActiveCfg = Debug|Win32
		{B825B6B9-3271-4740-8E88-C73EA358D10A}.Debug_Security|Win32.Build.0 = Debug|Win32
		{B825B6B9-3271-4740-8E88-C73EA358D10A}.Debug|Win32.ActiveCfg = Debug|Win32
		{B825B6B9-3271-4740-8E88-C73EA358D10A}.Debug|Win32.Build.0 = Debug|Win32
		{B825B6B9-3271-4740-8E88-C73EA358D10A}.NT4 Debug|Win32.ActiveCfg = NT4 Debug|Win32
		{B825B6B9-3271-4740-8E88-C73EA358D10A}.NT4 Debug|Win32.Build.0 = NT4 Debug|Win32
		{B825B6B9-3271-4740-8E88-C73EA358D10A}.NT4 OEM Debug|Win32.ActiveCfg = NT4 OEM Debug|Win32
		{B825B6B9-3271-4740-8E88-C73EA358D10A}.NT4 OEM Debug|Win32.Build.0 = NT4 OEM Debug|Win32
		{B825B6B9-3271-4740-8E88-C73EA358D10A}.NT4 OEM Release|Win32.ActiveCfg = NT4 OEM Release|Win32
		{B825B6B9-3271-4740-8E88-C73EA358D10A}.NT4 OEM Release|Win32.Build.0 = NT4 OEM Release|Win32
		{B825B6B9-3271-4740-8E88-C73EA358D10A}.NT4 Release|Win32.ActiveCfg = NT4 Release|Win32
		{B825B6B9-3271-4740-8E88-C73EA358D10A}.NT4 Release|Win32.Build.0 = NT4 Release|Win32
		{B825B6B9-3271-4740-8E88-C73EA358D10A}.Release_Security|Win32.ActiveCfg = Release|Win32
		{B825B6B9-3271-4740-8E88-C73EA358D10A}.Release_Security|Win32.Build.0 = Release|Win32
		{B825B6B9-3271-4740-8E88-C73EA358D10A}.Release|Win32.ActiveCfg = Release|Win32
		{B825B6B9-3271-4740-8E88-C73EA358D10A}.Release|Win32.Build.0 = Release|Win32
	EndGlobalSection
	GlobalSection(SolutionProperties) = preSolution
		HideSolutionNode = FALSE
	EndGlobalSection
EndGlobal
